
Microsoft Visual Studio Solution File, Format Version 12.00
# Visual Studio Version 17
VisualStudioVersion = 17.8.34525.116
MinimumVisualStudioVersion = 10.0.40219.1
Project("{9A19103F-16F7-4668-BE54-9A1E7A4F7556}") = "Diamond.Lib", "Diamond.Lib\Diamond.Lib.csproj", "{1D1E212B-10E1-44B9-AFAF-CDB1FF7A726D}"
EndProject
Project("{FAE04EC0-301F-11D3-BF4B-00C04F79EFBC}") = "Diamond.Tests", "Diamond.Tests\Diamond.Tests.csproj", "{DDF3E1B2-41DD-4369-866C-91DC3B6F4C39}"
EndProject
Global
	GlobalSection(SolutionConfigurationPlatforms) = preSolution
		Debug|Any CPU = Debug|Any CPU
		Release|Any CPU = Release|Any CPU
	EndGlobalSection
	GlobalSection(ProjectConfigurationPlatforms) = postSolution
		{1D1E212B-10E1-44B9-AFAF-CDB1FF7A726D}.Debug|Any CPU.ActiveCfg = Debug|Any CPU
		{1D1E212B-10E1-44B9-AFAF-CDB1FF7A726D}.Debug|Any CPU.Build.0 = Debug|Any CPU
		{1D1E212B-10E1-44B9-AFAF-CDB1FF7A726D}.Release|Any CPU.ActiveCfg = Release|Any CPU
		{1D1E212B-10E1-44B9-AFAF-CDB1FF7A726D}.Release|Any CPU.Build.0 = Release|Any CPU
		{DDF3E1B2-41DD-4369-866C-91DC3B6F4C39}.Debug|Any CPU.ActiveCfg = Debug|Any CPU
		{DDF3E1B2-41DD-4369-866C-91DC3B6F4C39}.Debug|Any CPU.Build.0 = Debug|Any CPU
		{DDF3E1B2-41DD-4369-866C-91DC3B6F4C39}.Release|Any CPU.ActiveCfg = Release|Any CPU
		{DDF3E1B2-41DD-4369-866C-91DC3B6F4C39}.Release|Any CPU.Build.0 = Release|Any CPU
	EndGlobalSection
	GlobalSection(SolutionProperties) = preSolution
		HideSolutionNode = FALSE
	EndGlobalSection
	GlobalSection(ExtensibilityGlobals) = postSolution
		SolutionGuid = {DC69D4F1-00C7-4FB6-A9CF-80E67D69576F}
	EndGlobalSection
EndGlobal
